
Microsoft Visual Studio Solution File, Format Version 12.00
# Visual Studio Version 17
VisualStudioVersion = 17.7.34031.279
MinimumVisualStudioVersion = 10.0.40219.1
Project("{FAE04EC0-301F-11D3-BF4B-00C04F79EFBC}") = "WorkshopGreetingEmailGamerTag", "WorkshopGreetingEmailGamerTag\WorkshopGreetingEmailGamerTag.csproj", "{65D4DA6A-978F-438F-B54B-44CA01C4C1A9}"
EndProject
Global
	GlobalSection(SolutionConfigurationPlatforms) = preSolution
		Debug|Any CPU = Debug|Any CPU
		Release|Any CPU = Release|Any CPU
	EndGlobalSection
	GlobalSection(ProjectConfigurationPlatforms) = postSolution
		{65D4DA6A-978F-438F-B54B-44CA01C4C1A9}.Debug|Any CPU.ActiveCfg = Debug|Any CPU
		{65D4DA6A-978F-438F-B54B-44CA01C4C1A9}.Debug|Any CPU.Build.0 = Debug|Any CPU
		{65D4DA6A-978F-438F-B54B-44CA01C4C1A9}.Release|Any CPU.ActiveCfg = Release|Any CPU
		{65D4DA6A-978F-438F-B54B-44CA01C4C1A9}.Release|Any CPU.Build.0 = Release|Any CPU
	EndGlobalSection
	GlobalSection(SolutionProperties) = preSolution
		HideSolutionNode = FALSE
	EndGlobalSection
	GlobalSection(ExtensibilityGlobals) = postSolution
		SolutionGuid = {FBD1DFFC-D0B2-45F3-90C7-5241E1315B79}
	EndGlobalSection
EndGlobal
